Microsoft Visual Studio Solution File, Format Version 12.00
# Visual Studio 2012
Project("{FAE04EC0-301F-11D3-BF4B-00C04F79EFBC}") = "ProjetGodot1", "ProjetGodot1.csproj", "{0C6E2CEC-50EE-4841-98C1-40E18D6792CE}"
EndProject
Global
	GlobalSection(SolutionConfigurationPlatforms) = preSolution
	Debug|Any CPU = Debug|Any CPU
	ExportDebug|Any CPU = ExportDebug|Any CPU
	ExportRelease|Any CPU = ExportRelease|Any CPU
	EndGlobalSection
	GlobalSection(ProjectConfigurationPlatforms) = postSolution
		{0C6E2CEC-50EE-4841-98C1-40E18D6792CE}.Debug|Any CPU.ActiveCfg = Debug|Any CPU
		{0C6E2CEC-50EE-4841-98C1-40E18D6792CE}.Debug|Any CPU.Build.0 = Debug|Any CPU
		{0C6E2CEC-50EE-4841-98C1-40E18D6792CE}.ExportDebug|Any CPU.ActiveCfg = ExportDebug|Any CPU
		{0C6E2CEC-50EE-4841-98C1-40E18D6792CE}.ExportDebug|Any CPU.Build.0 = ExportDebug|Any CPU
		{0C6E2CEC-50EE-4841-98C1-40E18D6792CE}.ExportRelease|Any CPU.ActiveCfg = ExportRelease|Any CPU
		{0C6E2CEC-50EE-4841-98C1-40E18D6792CE}.ExportRelease|Any CPU.Build.0 = ExportRelease|Any CPU
	EndGlobalSection
EndGlobal
